
Microsoft Visual Studio Solution File, Format Version 12.00
# Visual Studio Version 17
VisualStudioVersion = 17.13.35919.96
MinimumVisualStudioVersion = 10.0.40219.1
Project("{FAE04EC0-301F-11D3-BF4B-00C04F79EFBC}") = "ConsoleApp", "ConsoleApp\ConsoleApp.csproj", "{49D27BBB-71F5-476D-969A-06E641B70924}"
EndProject
Project("{FAE04EC0-301F-11D3-BF4B-00C04F79EFBC}") = "DivisibleLib", "DivisibleLib\DivisibleLib.csproj", "{563B2B66-099F-7F30-4B65-ABF332444163}"
EndProject
Project("{FAE04EC0-301F-11D3-BF4B-00C04F79EFBC}") = "UnitTests", "UnitTests\UnitTests.csproj", "{3558729B-E951-4995-AE9B-AFD3B68F2A83}"
EndProject
Global
	GlobalSection(SolutionConfigurationPlatforms) = preSolution
		Debug|Any CPU = Debug|Any CPU
		Release|Any CPU = Release|Any CPU
	EndGlobalSection
	GlobalSection(ProjectConfigurationPlatforms) = postSolution
		{49D27BBB-71F5-476D-969A-06E641B70924}.Debug|Any CPU.ActiveCfg = Debug|Any CPU
		{49D27BBB-71F5-476D-969A-06E641B70924}.Debug|Any CPU.Build.0 = Debug|Any CPU
		{49D27BBB-71F5-476D-969A-06E641B70924}.Release|Any CPU.ActiveCfg = Release|Any CPU
		{49D27BBB-71F5-476D-969A-06E641B70924}.Release|Any CPU.Build.0 = Release|Any CPU
		{563B2B66-099F-7F30-4B65-ABF332444163}.Debug|Any CPU.ActiveCfg = Debug|Any CPU
		{563B2B66-099F-7F30-4B65-ABF332444163}.Debug|Any CPU.Build.0 = Debug|Any CPU
		{563B2B66-099F-7F30-4B65-ABF332444163}.Release|Any CPU.ActiveCfg = Release|Any CPU
		{563B2B66-099F-7F30-4B65-ABF332444163}.Release|Any CPU.Build.0 = Release|Any CPU
		{3558729B-E951-4995-AE9B-AFD3B68F2A83}.Debug|Any CPU.ActiveCfg = Debug|Any CPU
		{3558729B-E951-4995-AE9B-AFD3B68F2A83}.Debug|Any CPU.Build.0 = Debug|Any CPU
		{3558729B-E951-4995-AE9B-AFD3B68F2A83}.Release|Any CPU.ActiveCfg = Release|Any CPU
		{3558729B-E951-4995-AE9B-AFD3B68F2A83}.Release|Any CPU.Build.0 = Release|Any CPU
	EndGlobalSection
	GlobalSection(SolutionProperties) = preSolution
		HideSolutionNode = FALSE
	EndGlobalSection
	GlobalSection(ExtensibilityGlobals) = postSolution
		SolutionGuid = {DE87E342-C2F5-48C5-B3CE-CDAC8A6F4686}
	EndGlobalSection
EndGlobal
